
Microsoft Visual Studio Solution File, Format Version 12.00
# Visual Studio Version 16
VisualStudioVersion = 16.0.31702.278
MinimumVisualStudioVersion = 10.0.40219.1
Project("{FAE04EC0-301F-11D3-BF4B-00C04F79EFBC}") = "EdutonPetrpku.Server", "EdutonPetrpku\Server\EdutonPetrpku.Server.csproj", "{82EFDDF4-0F5D-4F7B-B61C-94F6C409E8CC}"
EndProject
Project("{FAE04EC0-301F-11D3-BF4B-00C04F79EFBC}") = "EdutonPetrpku.Client", "EdutonPetrpku\Client\EdutonPetrpku.Client.csproj", "{14303703-9265-499F-8A55-9D3B4C605B3C}"
EndProject
Project("{FAE04EC0-301F-11D3-BF4B-00C04F79EFBC}") = "EdutonPetrpku.Shared", "EdutonPetrpku\Shared\EdutonPetrpku.Shared.csproj", "{28C3C130-516E-4F36-8690-530C52EB3238}"
EndProject
Project("{FAE04EC0-301F-11D3-BF4B-00C04F79EFBC}") = "EdutonPetrpku.Data", "EdutonPetrpku.Data\EdutonPetrpku.Data.csproj", "{CF70B6DA-9C19-4091-850F-391F6CE66920}"
EndProject
Global
	GlobalSection(SolutionConfigurationPlatforms) = preSolution
		Debug|Any CPU = Debug|Any CPU
		Release|Any CPU = Release|Any CPU
	EndGlobalSection
	GlobalSection(ProjectConfigurationPlatforms) = postSolution
		{82EFDDF4-0F5D-4F7B-B61C-94F6C409E8CC}.Debug|Any CPU.ActiveCfg = Debug|Any CPU
		{82EFDDF4-0F5D-4F7B-B61C-94F6C409E8CC}.Debug|Any CPU.Build.0 = Debug|Any CPU
		{82EFDDF4-0F5D-4F7B-B61C-94F6C409E8CC}.Release|Any CPU.ActiveCfg = Release|Any CPU
		{82EFDDF4-0F5D-4F7B-B61C-94F6C409E8CC}.Release|Any CPU.Build.0 = Release|Any CPU
		{14303703-9265-499F-8A55-9D3B4C605B3C}.Debug|Any CPU.ActiveCfg = Debug|Any CPU
		{14303703-9265-499F-8A55-9D3B4C605B3C}.Debug|Any CPU.Build.0 = Debug|Any CPU
		{14303703-9265-499F-8A55-9D3B4C605B3C}.Release|Any CPU.ActiveCfg = Release|Any CPU
		{14303703-9265-499F-8A55-9D3B4C605B3C}.Release|Any CPU.Build.0 = Release|Any CPU
		{28C3C130-516E-4F36-8690-530C52EB3238}.Debug|Any CPU.ActiveCfg = Debug|Any CPU
		{28C3C130-516E-4F36-8690-530C52EB3238}.Debug|Any CPU.Build.0 = Debug|Any CPU
		{28C3C130-516E-4F36-8690-530C52EB3238}.Release|Any CPU.ActiveCfg = Release|Any CPU
		{28C3C130-516E-4F36-8690-530C52EB3238}.Release|Any CPU.Build.0 = Release|Any CPU
		{CF70B6DA-9C19-4091-850F-391F6CE66920}.Debug|Any CPU.ActiveCfg = Debug|Any CPU
		{CF70B6DA-9C19-4091-850F-391F6CE66920}.Debug|Any CPU.Build.0 = Debug|Any CPU
		{CF70B6DA-9C19-4091-850F-391F6CE66920}.Release|Any CPU.ActiveCfg = Release|Any CPU
		{CF70B6DA-9C19-4091-850F-391F6CE66920}.Release|Any CPU.Build.0 = Release|Any CPU
	EndGlobalSection
	GlobalSection(SolutionProperties) = preSolution
		HideSolutionNode = FALSE
	EndGlobalSection
	GlobalSection(ExtensibilityGlobals) = postSolution
		SolutionGuid = {5E2E13E5-6ECE-4EE9-BCA0-C23199A6A312}
	EndGlobalSection
EndGlobal
